{
  "lockfileVersion": 1,
  "configVersion": 1,
  "workspaces": {
    "": {
      "name": "fylo-explorer",
      "devDependencies": {
        "@d31ma/tachyon": "github:d31ma/Tachyon#47775135e456cd8db3c80f4dfde0afaf1273296b",
      },
    },
  },
  "packages": {
    "@d31ma/tachyon": ["@d31ma/tachyon@github:d31ma/Tachyon#4777513", {}, "d31ma-Tachyon-4777513", "sha512-oonmc8F4UTbz+8ktvI1qFplc3wruqzO2UPIrbdo6P6p+I4aBJI/N9vNG8hokvmjnxK8me2Vxj6t30xJn1cqnug=="],
  }
}
